
Microsoft Visual Studio Solution File, Format Version 12.00
# Visual Studio 14
VisualStudioVersion = 14.0.25420.1
MinimumVisualStudioVersion = 10.0.40219.1
Project("{FAE04EC0-301F-11D3-BF4B-00C04F79EFBC}") = "Shipwreck.SharpFormatter", "Shipwreck.SharpFormatter\Shipwreck.SharpFormatter.csproj", "{4172B8B1-3B54-40F6-B124-47AED465FD05}"
EndProject
Project("{FAE04EC0-301F-11D3-BF4B-00C04F79EFBC}") = "Shipwreck.SharpFormatter.Tests", "Shipwreck.SharpFormatter.Tests\Shipwreck.SharpFormatter.Tests.csproj", "{758535BA-7B37-42FD-8FE7-71004D4B40B8}"
EndProject
Project("{2150E333-8FDC-42A3-9474-1A3956D46DE8}") = "doc", "doc", "{18267655-6261-4EC9-A53D-266512C2DF02}"
	ProjectSection(SolutionItems) = preProject
		..\build\pack.bat = ..\build\pack.bat
		..\README.md = ..\README.md
	EndProjectSection
EndProject
Global
	GlobalSection(SolutionConfigurationPlatforms) = preSolution
		Debug|Any CPU = Debug|Any CPU
		Release|Any CPU = Release|Any CPU
	EndGlobalSection
	GlobalSection(ProjectConfigurationPlatforms) = postSolution
		{4172B8B1-3B54-40F6-B124-47AED465FD05}.Debug|Any CPU.ActiveCfg = Debug|Any CPU
		{4172B8B1-3B54-40F6-B124-47AED465FD05}.Debug|Any CPU.Build.0 = Debug|Any CPU
		{4172B8B1-3B54-40F6-B124-47AED465FD05}.Release|Any CPU.ActiveCfg = Release|Any CPU
		{4172B8B1-3B54-40F6-B124-47AED465FD05}.Release|Any CPU.Build.0 = Release|Any CPU
		{758535BA-7B37-42FD-8FE7-71004D4B40B8}.Debug|Any CPU.ActiveCfg = Debug|Any CPU
		{758535BA-7B37-42FD-8FE7-71004D4B40B8}.Debug|Any CPU.Build.0 = Debug|Any CPU
		{758535BA-7B37-42FD-8FE7-71004D4B40B8}.Release|Any CPU.ActiveCfg = Release|Any CPU
		{758535BA-7B37-42FD-8FE7-71004D4B40B8}.Release|Any CPU.Build.0 = Release|Any CPU
	EndGlobalSection
	GlobalSection(SolutionProperties) = preSolution
		HideSolutionNode = FALSE
	EndGlobalSection
EndGlobal
